{
  "name": "sunton",
  "version": "1.0.0",
  "lockfileVersion": 2,
  "requires": true,
  "packages": {
    "": {
      "name": "sunton",
      "version": "1.0.0",
      "license": "ISC",
      "dependencies": {
        "@dcloudio/uni-ui": "^1.4.11",
        "crypto-js": "^4.1.1",
        "echarts": "^5.3.0",
        "echarts-gl": "^2.0.8",
        "jsencrypt": "^3.2.1",
        "uview-ui": "^2.0.24",
        "vue-i18n": "^8.27.0"
      }
    },
    "node_modules/@dcloudio/uni-ui": {
      "version": "1.4.11",
      "resolved": "https://registry.npmmirror.com/@dcloudio/uni-ui/-/uni-ui-1.4.11.tgz",
      "integrity": "sha512-DaS4w8DF4GmT4kUqMB8AOhPKDeJ4OA99+PeWll1t1AbfJjjecGLDGPXEOq7YcYZcN3TyxKct0CnqpJsTDgTFoQ=="
    },
    "node_modules/claygl": {
      "version": "1.3.0",
      "resolved": "https://registry.npmmirror.com/claygl/-/claygl-1.3.0.tgz",
      "integrity": "sha512-+gGtJjT6SSHD2l2yC3MCubW/sCV40tZuSs5opdtn79vFSGUgp/lH139RNEQ6Jy078/L0aV8odCw8RSrUcMfLaQ=="
    },
    "node_modules/crypto-js": {
      "version": "4.1.1",
      "resolved": "https://registry.npmmirror.com/crypto-js/-/crypto-js-4.1.1.tgz",
      "integrity": "sha512-o2JlM7ydqd3Qk9CA0L4NL6mTzU2sdx96a+oOfPu8Mkl/PK51vSyoi8/rQ8NknZtk44vq15lmhAj9CIAGwgeWKw=="
    },
    "node_modules/echarts": {
      "version": "5.3.0",
      "resolved": "https://registry.npmmirror.com/echarts/-/echarts-5.3.0.tgz",
      "integrity": "sha512-zENufmwFE6WjM+24tW3xQq4ICqQtI0CGj4bDVDNd3BK3LtaA/5wBp+64ykIyKy3QElz0cieKqSYP4FX9Lv9MwQ==",
      "dependencies": {
        "tslib": "2.3.0",
        "zrender": "5.3.0"
      }
    },
    "node_modules/echarts-gl": {
      "version": "2.0.8",
      "resolved": "https://registry.npmmirror.com/echarts-gl/-/echarts-gl-2.0.8.tgz",
      "integrity": "sha512-ayFmjLxdF9pRpnh1Lz5aOgjnLqL3WIGu0t4Bt+oFwXGsViU2XcjCkHZARsZdv05lySow8eMD9JYZGXfLpuqYng==",
      "dependencies": {
        "claygl": "^1.2.1",
        "zrender": "^5.1.1"
      },
      "peerDependencies": {
        "echarts": "^5.1.2"
      }
    },
    "node_modules/jsencrypt": {
      "version": "3.2.1",
      "resolved": "https://registry.npmmirror.com/jsencrypt/-/jsencrypt-3.2.1.tgz",
      "integrity": "sha512-k1sD5QV0KPn+D8uG9AdGzTQuamt82QZ3A3l6f7TRwMU6Oi2Vg0BsL+wZIQBONcraO1pc78ExMdvmBBJ8WhNYUA=="
    },
    "node_modules/tslib": {
      "version": "2.3.0",
      "resolved": "https://registry.npmmirror.com/tslib/-/tslib-2.3.0.tgz",
      "integrity": "sha512-N82ooyxVNm6h1riLCoyS9e3fuJ3AMG2zIZs2Gd1ATcSFjSA23Q0fzjjZeh0jbJvWVDZ0cJT8yaNNaaXHzueNjg=="
    },
    "node_modules/uview-ui": {
      "version": "2.0.27",
      "resolved": "https://registry.npmmirror.com/uview-ui/-/uview-ui-2.0.27.tgz",
      "integrity": "sha512-fl35rlguNPfXnwNoVv0w4zS1blFFxxSPuGR1+9SbpFGC33aiTBaoFWs/4Fppj0foS/kDCqSWcJiymNmQjPBD4g==",
      "engines": {
        "HBuilderX": "^3.1.0"
      }
    },
    "node_modules/vue-i18n": {
      "version": "8.27.0",
      "resolved": "https://registry.npmmirror.com/vue-i18n/-/vue-i18n-8.27.0.tgz",
      "integrity": "sha512-SX35iJHL5PJ4Gfh0Mo/q0shyHiI2V6Zkh51c+k8E9O1RKv5BQyYrCxRzpvPrsIOJEnLaeiovet3dsUB0e/kDzw=="
    },
    "node_modules/zrender": {
      "version": "5.3.0",
      "resolved": "https://registry.npmmirror.com/zrender/-/zrender-5.3.0.tgz",
      "integrity": "sha512-Ln2QB5uqI1ftNYMtCRxd+XDq6MOttLgam2tmhKAVA+j0ko47UT+VNlDvKTkqe4K2sJhBvB0EhYNLebqlCTjatQ==",
      "dependencies": {
        "tslib": "2.3.0"
      }
    }
  },
  "dependencies": {
    "@dcloudio/uni-ui": {
      "version": "1.4.11",
      "resolved": "https://registry.npmmirror.com/@dcloudio/uni-ui/-/uni-ui-1.4.11.tgz",
      "integrity": "sha512-DaS4w8DF4GmT4kUqMB8AOhPKDeJ4OA99+PeWll1t1AbfJjjecGLDGPXEOq7YcYZcN3TyxKct0CnqpJsTDgTFoQ=="
    },
    "claygl": {
      "version": "1.3.0",
      "resolved": "https://registry.npmmirror.com/claygl/-/claygl-1.3.0.tgz",
      "integrity": "sha512-+gGtJjT6SSHD2l2yC3MCubW/sCV40tZuSs5opdtn79vFSGUgp/lH139RNEQ6Jy078/L0aV8odCw8RSrUcMfLaQ=="
    },
    "crypto-js": {
      "version": "4.1.1",
      "resolved": "https://registry.npmmirror.com/crypto-js/-/crypto-js-4.1.1.tgz",
      "integrity": "sha512-o2JlM7ydqd3Qk9CA0L4NL6mTzU2sdx96a+oOfPu8Mkl/PK51vSyoi8/rQ8NknZtk44vq15lmhAj9CIAGwgeWKw=="
    },
    "echarts": {
      "version": "5.3.0",
      "resolved": "https://registry.npmmirror.com/echarts/-/echarts-5.3.0.tgz",
      "integrity": "sha512-zENufmwFE6WjM+24tW3xQq4ICqQtI0CGj4bDVDNd3BK3LtaA/5wBp+64ykIyKy3QElz0cieKqSYP4FX9Lv9MwQ==",
      "requires": {
        "tslib": "2.3.0",
        "zrender": "5.3.0"
      }
    },
    "echarts-gl": {
      "version": "2.0.8",
      "resolved": "https://registry.npmmirror.com/echarts-gl/-/echarts-gl-2.0.8.tgz",
      "integrity": "sha512-ayFmjLxdF9pRpnh1Lz5aOgjnLqL3WIGu0t4Bt+oFwXGsViU2XcjCkHZARsZdv05lySow8eMD9JYZGXfLpuqYng==",
      "requires": {
        "claygl": "^1.2.1",
        "zrender": "^5.1.1"
      }
    },
    "jsencrypt": {
      "version": "3.2.1",
      "resolved": "https://registry.npmmirror.com/jsencrypt/-/jsencrypt-3.2.1.tgz",
      "integrity": "sha512-k1sD5QV0KPn+D8uG9AdGzTQuamt82QZ3A3l6f7TRwMU6Oi2Vg0BsL+wZIQBONcraO1pc78ExMdvmBBJ8WhNYUA=="
    },
    "tslib": {
      "version": "2.3.0",
      "resolved": "https://registry.npmmirror.com/tslib/-/tslib-2.3.0.tgz",
      "integrity": "sha512-N82ooyxVNm6h1riLCoyS9e3fuJ3AMG2zIZs2Gd1ATcSFjSA23Q0fzjjZeh0jbJvWVDZ0cJT8yaNNaaXHzueNjg=="
    },
    "uview-ui": {
      "version": "2.0.27",
      "resolved": "https://registry.npmmirror.com/uview-ui/-/uview-ui-2.0.27.tgz",
      "integrity": "sha512-fl35rlguNPfXnwNoVv0w4zS1blFFxxSPuGR1+9SbpFGC33aiTBaoFWs/4Fppj0foS/kDCqSWcJiymNmQjPBD4g=="
    },
    "vue-i18n": {
      "version": "8.27.0",
      "resolved": "https://registry.npmmirror.com/vue-i18n/-/vue-i18n-8.27.0.tgz",
      "integrity": "sha512-SX35iJHL5PJ4Gfh0Mo/q0shyHiI2V6Zkh51c+k8E9O1RKv5BQyYrCxRzpvPrsIOJEnLaeiovet3dsUB0e/kDzw=="
    },
    "zrender": {
      "version": "5.3.0",
      "resolved": "https://registry.npmmirror.com/zrender/-/zrender-5.3.0.tgz",
      "integrity": "sha512-Ln2QB5uqI1ftNYMtCRxd+XDq6MOttLgam2tmhKAVA+j0ko47UT+VNlDvKTkqe4K2sJhBvB0EhYNLebqlCTjatQ==",
      "requires": {
        "tslib": "2.3.0"
      }
    }
  }
}
